{
  "name": "galeria",
  "version": "1.0.0",
  "lockfileVersion": 3,
  "requires": true,
  "packages": {
    "": {
      "name": "galeria",
      "version": "1.0.0",
      "license": "ISC",
      "devDependencies": {
        "rollup": "^4.9.3"
      }
    },
    "node_modules/@rollup/rollup-android-arm-eabi": {
      "version": "4.9.3",
      "resolved": "https://registry.npmjs.org/@rollup/rollup-android-arm-eabi/-/rollup-android-arm-eabi-4.9.3.tgz",
      "integrity": "sha512-nvh9bB41vXEoKKvlWCGptpGt8EhrEwPQFDCY0VAto+R+qpSbaErPS3OjMZuXR8i/2UVw952Dtlnl2JFxH31Qvg==",
      "cpu": [
        "arm"
      ],
      "dev": true,
      "optional": true,
      "os": [
        "android"
      ]
    },
    "node_modules/@rollup/rollup-android-arm64": {
      "version": "4.9.3",
      "resolved": "https://registry.npmjs.org/@rollup/rollup-android-arm64/-/rollup-android-arm64-4.9.3.tgz",
      "integrity": "sha512-kffYCJ2RhDL1DlshLzYPyJtVeusHlA8Q1j6k6s4AEVKLq/3HfGa2ADDycLsmPo3OW83r4XtOPqRMbcFzFsEIzQ==",
      "cpu": [
        "arm64"
      ],
      "dev": true,
      "optional": true,
      "os": [
        "android"
      ]
    },
    "node_modules/@rollup/rollup-darwin-arm64": {
      "version": "4.9.3",
      "resolved": "https://registry.npmjs.org/@rollup/rollup-darwin-arm64/-/rollup-darwin-arm64-4.9.3.tgz",
      "integrity": "sha512-Fo7DR6Q9/+ztTyMBZ79+WJtb8RWZonyCgkBCjV51rW5K/dizBzImTW6HLC0pzmHaAevwM0jW1GtB5LCFE81mSw==",
      "cpu": [
        "arm64"
      ],
      "dev": true,
      "optional": true,
      "os": [
        "darwin"
      ]
    },
    "node_modules/@rollup/rollup-darwin-x64": {
      "version": "4.9.3",
      "resolved": "https://registry.npmjs.org/@rollup/rollup-darwin-x64/-/rollup-darwin-x64-4.9.3.tgz",
      "integrity": "sha512-5HcxDF9fqHucIlTiw/gmMb3Qv23L8bLCg904I74Q2lpl4j/20z9ogaD3tWkeguRuz+/17cuS321PT3PAuyjQdg==",
      "cpu": [
        "x64"
      ],
      "dev": true,
      "optional": true,
      "os": [
        "darwin"
      ]
    },
    "node_modules/@rollup/rollup-linux-arm-gnueabihf": {
      "version": "4.9.3",
      "resolved": "https://registry.npmjs.org/@rollup/rollup-linux-arm-gnueabihf/-/rollup-linux-arm-gnueabihf-4.9.3.tgz",
      "integrity": "sha512-cO6hKV+99D1V7uNJQn1chWaF9EGp7qV2N8sGH99q9Y62bsbN6Il55EwJppEWT+JiqDRg396vWCgwdHwje8itBQ==",
      "cpu": [
        "arm"
      ],
      "dev": true,
      "optional": true,
      "os": [
        "linux"
      ]
    },
    "node_modules/@rollup/rollup-linux-arm64-gnu": {
      "version": "4.9.3",
      "resolved": "https://registry.npmjs.org/@rollup/rollup-linux-arm64-gnu/-/rollup-linux-arm64-gnu-4.9.3.tgz",
      "integrity": "sha512-xANyq6lVg6KMO8UUs0LjA4q7di3tPpDbzLPgVEU2/F1ngIZ54eli8Zdt3uUUTMXVbgTCafIO+JPeGMhu097i3w==",
      "cpu": [
        "arm64"
      ],
      "dev": true,
      "optional": true,
      "os": [
        "linux"
      ]
    },
    "node_modules/@rollup/rollup-linux-arm64-musl": {
      "version": "4.9.3",
      "resolved": "https://registry.npmjs.org/@rollup/rollup-linux-arm64-musl/-/rollup-linux-arm64-musl-4.9.3.tgz",
      "integrity": "sha512-TZJUfRTugVFATQToCMD8DNV6jv/KpSwhE1lLq5kXiQbBX3Pqw6dRKtzNkh5wcp0n09reBBq/7CGDERRw9KmE+g==",
      "cpu": [
        "arm64"
      ],
      "dev": true,
      "optional": true,
      "os": [
        "linux"
      ]
    },
    "node_modules/@rollup/rollup-linux-riscv64-gnu": {
      "version": "4.9.3",
      "resolved": "https://registry.npmjs.org/@rollup/rollup-linux-riscv64-gnu/-/rollup-linux-riscv64-gnu-4.9.3.tgz",
      "integrity": "sha512-4/QVaRyaB5tkEAGfjVvWrmWdPF6F2NoaoO5uEP7N0AyeBw7l8SeCWWKAGrbx/00PUdHrJVURJiYikazslSKttQ==",
      "cpu": [
        "riscv64"
      ],
      "dev": true,
      "optional": true,
      "os": [
        "linux"
      ]
    },
    "node_modules/@rollup/rollup-linux-x64-gnu": {
      "version": "4.9.3",
      "resolved": "https://registry.npmjs.org/@rollup/rollup-linux-x64-gnu/-/rollup-linux-x64-gnu-4.9.3.tgz",
      "integrity": "sha512-koLC6D3pj1YLZSkTy/jsk3HOadp7q2h6VQl/lPX854twOmmLNekHB6yuS+MkWcKdGGdW1JPuPBv/ZYhr5Yhtdg==",
      "cpu": [
        "x64"
      ],
      "dev": true,
      "optional": true,
      "os": [
        "linux"
      ]
    },
    "node_modules/@rollup/rollup-linux-x64-musl": {
      "version": "4.9.3",
      "resolved": "https://registry.npmjs.org/@rollup/rollup-linux-x64-musl/-/rollup-linux-x64-musl-4.9.3.tgz",
      "integrity": "sha512-0OAkQ4HBp+JO2ip2Lgt/ShlrveOMzyhwt2D0KvqH28jFPqfZco28KSq76zymZwmU+F6GRojdxtQMJiNSXKNzeA==",
      "cpu": [
        "x64"
      ],
      "dev": true,
      "optional": true,
      "os": [
        "linux"
      ]
    },
    "node_modules/@rollup/rollup-win32-arm64-msvc": {
      "version": "4.9.3",
      "resolved": "https://registry.npmjs.org/@rollup/rollup-win32-arm64-msvc/-/rollup-win32-arm64-msvc-4.9.3.tgz",
      "integrity": "sha512-z5uvoMvdRWggigOnsb9OOCLERHV0ykRZoRB5O+URPZC9zM3pkoMg5fN4NKu2oHqgkzZtfx9u4njqqlYEzM1v9A==",
      "cpu": [
        "arm64"
      ],
      "dev": true,
      "optional": true,
      "os": [
        "win32"
      ]
    },
    "node_modules/@rollup/rollup-win32-ia32-msvc": {
      "version": "4.9.3",
      "resolved": "https://registry.npmjs.org/@rollup/rollup-win32-ia32-msvc/-/rollup-win32-ia32-msvc-4.9.3.tgz",
      "integrity": "sha512-wxomCHjBVKws+O4N1WLnniKCXu7vkLtdq9Fl9CN/EbwEldojvUrkoHE/fBLZzC7IT/x12Ut6d6cRs4dFvqJkMg==",
      "cpu": [
        "ia32"
      ],
      "dev": true,
      "optional": true,
      "os": [
        "win32"
      ]
    },
    "node_modules/@rollup/rollup-win32-x64-msvc": {
      "version": "4.9.3",
      "resolved": "https://registry.npmjs.org/@rollup/rollup-win32-x64-msvc/-/rollup-win32-x64-msvc-4.9.3.tgz",
      "integrity": "sha512-1Qf/qk/iEtx0aOi+AQQt5PBoW0mFngsm7bPuxHClC/hWh2hHBktR6ktSfUg5b5rC9v8hTwNmHE7lBWXkgqluUQ==",
      "cpu": [
        "x64"
      ],
      "dev": true,
      "optional": true,
      "os": [
        "win32"
      ]
    },
    "node_modules/@types/estree": {
      "version": "1.0.5",
      "resolved": "https://registry.npmjs.org/@types/estree/-/estree-1.0.5.tgz",
      "integrity": "sha512-/kYRxGDLWzHOB7q+wtSUQlFrtcdUccpfy+X+9iMBpHK8QLLhx2wIPYuS5DYtR9Wa/YlZAbIovy7qVdB1Aq6Lyw==",
      "dev": true
    },
    "node_modules/fsevents": {
      "version": "2.3.3",
      "resolved": "https://registry.npmjs.org/fsevents/-/fsevents-2.3.3.tgz",
      "integrity": "sha512-5xoDfX+fL7faATnagmWPpbFtwh/R77WmMMqqHGS65C3vvB0YHrgF+B1YmZ3441tMj5n63k0212XNoJwzlhffQw==",
      "dev": true,
      "hasInstallScript": true,
      "optional": true,
      "os": [
        "darwin"
      ],
      "engines": {
        "node": "^8.16.0 || ^10.6.0 || >=11.0.0"
      }
    },
    "node_modules/rollup": {
      "version": "4.9.3",
      "resolved": "https://registry.npmjs.org/rollup/-/rollup-4.9.3.tgz",
      "integrity": "sha512-JnchF0ZGFiqGpAPjg3e89j656Ne4tTtCY1VZc1AxtoQcRIxjTu9jyYHBAtkDXE+X681n4un/nX9SU52AroSRzg==",
      "dev": true,
      "dependencies": {
        "@types/estree": "1.0.5"
      },
      "bin": {
        "rollup": "dist/bin/rollup"
      },
      "engines": {
        "node": ">=18.0.0",
        "npm": ">=8.0.0"
      },
      "optionalDependencies": {
        "@rollup/rollup-android-arm-eabi": "4.9.3",
        "@rollup/rollup-android-arm64": "4.9.3",
        "@rollup/rollup-darwin-arm64": "4.9.3",
        "@rollup/rollup-darwin-x64": "4.9.3",
        "@rollup/rollup-linux-arm-gnueabihf": "4.9.3",
        "@rollup/rollup-linux-arm64-gnu": "4.9.3",
        "@rollup/rollup-linux-arm64-musl": "4.9.3",
        "@rollup/rollup-linux-riscv64-gnu": "4.9.3",
        "@rollup/rollup-linux-x64-gnu": "4.9.3",
        "@rollup/rollup-linux-x64-musl": "4.9.3",
        "@rollup/rollup-win32-arm64-msvc": "4.9.3",
        "@rollup/rollup-win32-ia32-msvc": "4.9.3",
        "@rollup/rollup-win32-x64-msvc": "4.9.3",
        "fsevents": "~2.3.2"
      }
    }
  }
}
